lockfileVersion: '9.0'

settings:
  autoInstallPeers: true
  excludeLinksFromLockfile: false

importers:

  .:
    dependencies:
      zod:
        specifier: ^4.1.13
        version: 4.4.3
    devDependencies:
      '@cloudflare/workers-types':
        specifier: ^4.20250109.0
        version: 4.20260626.1
      typescript:
        specifier: ^5.4.5
        version: 5.9.3

packages:

  '@cloudflare/workers-types@4.20260626.1':
    resolution: {integrity: sha512-fBnpQyFRS3Ce1l2IUd3k+aUxgy/7VMlVXF4F672/eSrpXFeezCy3Ha6Z2uTyGgqu9sGvQPOj8nqKBv2yeI+ciw==}

  typescript@5.9.3:
    resolution: {integrity: sha512-jl1vZzPDinLr9eUt3J/t7V6FgNEw9QjvBPdysz9KfQDD41fQrC2Y4vKQdiaUpFT4bXlb1RHhLpp8wtm6M5TgSw==}
    engines: {node: '>=14.17'}
    hasBin: true

  zod@4.4.3:
    resolution: {integrity: sha512-ytENFjIJFl2UwYglde2jchW2Hwm4GJFLDiSXWdTrJQBIN9Fcyp7n4DhxJEiWNAJMV1/BqWfW/kkg71UDcHJyTQ==}

snapshots:

  '@cloudflare/workers-types@4.20260626.1': {}

  typescript@5.9.3: {}

  zod@4.4.3: {}
